
Microsoft Visual Studio Solution File, Format Version 12.00
# Visual Studio Version 16
VisualStudioVersion = 16.0.31624.102
MinimumVisualStudioVersion = 10.0.40219.1
Project("{FAE04EC0-301F-11D3-BF4B-00C04F79EFBC}") = "Sorting", "Sorting\Sorting.csproj", "{309C480A-0792-4D9E-9ACF-853D76EB329F}"
EndProject
Global
	GlobalSection(SolutionConfigurationPlatforms) = preSolution
		Debug|Any CPU = Debug|Any CPU
		Release|Any CPU = Release|Any CPU
	EndGlobalSection
	GlobalSection(ProjectConfigurationPlatforms) = postSolution
		{309C480A-0792-4D9E-9ACF-853D76EB329F}.Debug|Any CPU.ActiveCfg = Debug|Any CPU
		{309C480A-0792-4D9E-9ACF-853D76EB329F}.Debug|Any CPU.Build.0 = Debug|Any CPU
		{309C480A-0792-4D9E-9ACF-853D76EB329F}.Release|Any CPU.ActiveCfg = Release|Any CPU
		{309C480A-0792-4D9E-9ACF-853D76EB329F}.Release|Any CPU.Build.0 = Release|Any CPU
	EndGlobalSection
	GlobalSection(SolutionProperties) = preSolution
		HideSolutionNode = FALSE
	EndGlobalSection
	GlobalSection(ExtensibilityGlobals) = postSolution
		SolutionGuid = {DE8D1BEE-6D6B-450D-95AD-E98481A59F37}
	EndGlobalSection
EndGlobal
